
Microsoft Visual Studio Solution File, Format Version 12.00
Project("{FAE04EC0-301F-11D3-BF4B-00C04F79EFBC}") = "PasswordStrength", "PasswordStrength\PasswordStrength.csproj", "{30CB4DB3-612D-4033-B212-FA7A10ECED28}"
EndProject
Project("{FAE04EC0-301F-11D3-BF4B-00C04F79EFBC}") = "PasswordStrengthTests", "PasswordStrengthTests\PasswordStrengthTests.csproj", "{2E9A9C57-3FBD-47CD-9959-7BEC32C71946}"
EndProject
Global
	GlobalSection(SolutionConfigurationPlatforms) = preSolution
		Debug|Any CPU = Debug|Any CPU
		Release|Any CPU = Release|Any CPU
	EndGlobalSection
	GlobalSection(ProjectConfigurationPlatforms) = postSolution
		{30CB4DB3-612D-4033-B212-FA7A10ECED28}.Debug|Any CPU.ActiveCfg = Debug|Any CPU
		{30CB4DB3-612D-4033-B212-FA7A10ECED28}.Debug|Any CPU.Build.0 = Debug|Any CPU
		{30CB4DB3-612D-4033-B212-FA7A10ECED28}.Release|Any CPU.ActiveCfg = Release|Any CPU
		{30CB4DB3-612D-4033-B212-FA7A10ECED28}.Release|Any CPU.Build.0 = Release|Any CPU
		{2E9A9C57-3FBD-47CD-9959-7BEC32C71946}.Debug|Any CPU.ActiveCfg = Debug|Any CPU
		{2E9A9C57-3FBD-47CD-9959-7BEC32C71946}.Debug|Any CPU.Build.0 = Debug|Any CPU
		{2E9A9C57-3FBD-47CD-9959-7BEC32C71946}.Release|Any CPU.ActiveCfg = Release|Any CPU
		{2E9A9C57-3FBD-47CD-9959-7BEC32C71946}.Release|Any CPU.Build.0 = Release|Any CPU
	EndGlobalSection
EndGlobal
